// !$*UTF8*$!
{
	archiveVersion = 1;
	classes = {
	};
	objectVersion = 50;
	objects = {

/* Begin PBXBuildFile section */
		872A582D2299C7DA0050F7FD /* Virtual Tourist.xcdatamodeld in Sources */ = {isa = PBXBuildFile; fileRef = 872A582B2299C7DA0050F7FD /* Virtual Tourist.xcdatamodeld */; };
		872A582F2299CF270050F7FD /* DataController.swift in Sources */ = {isa = PBXBuildFile; fileRef = 872A582E2299CF270050F7FD /* DataController.swift */; };
		872A5832229AFC430050F7FD /* PhotoCell.swift in Sources */ = {isa = PBXBuildFile; fileRef = 872A5831229AFC430050F7FD /* PhotoCell.swift */; };
		872A5834229B3D5E0050F7FD /* Pin.swift in Sources */ = {isa = PBXBuildFile; fileRef = 872A5833229B3D5E0050F7FD /* Pin.swift */; };
		872A5839229B3E050050F7FD /* Image+CoreDataClass.swift in Sources */ = {isa = PBXBuildFile; fileRef = 872A5835229B3E040050F7FD /* Image+CoreDataClass.swift */; };
		872A583A229B3E050050F7FD /* Image+CoreDataProperties.swift in Sources */ = {isa = PBXBuildFile; fileRef = 872A5836229B3E050050F7FD /* Image+CoreDataProperties.swift */; };
		872A583B229B3E050050F7FD /* Pin+CoreDataClass.swift in Sources */ = {isa = PBXBuildFile; fileRef = 872A5837229B3E050050F7FD /* Pin+CoreDataClass.swift */; };
		872A583C229B3E050050F7FD /* Pin+CoreDataProperties.swift in Sources */ = {isa = PBXBuildFile; fileRef = 872A5838229B3E050050F7FD /* Pin+CoreDataProperties.swift */; };
		87CA87B62297069C0015DD58 /* AppDelegate.swift in Sources */ = {isa = PBXBuildFile; fileRef = 87CA87B52297069C0015DD58 /* AppDelegate.swift */; };
		87CA87B82297069C0015DD58 /* CollectionViewController.swift in Sources */ = {isa = PBXBuildFile; fileRef = 87CA87B72297069C0015DD58 /* CollectionViewController.swift */; };
		87CA87BB2297069C0015DD58 /* Main.storyboard in Resources */ = {isa = PBXBuildFile; fileRef = 87CA87B92297069C0015DD58 /* Main.storyboard */; };
		87CA87BD229706A60015DD58 /* Assets.xcassets in Resources */ = {isa = PBXBuildFile; fileRef = 87CA87BC229706A60015DD58 /* Assets.xcassets */; };
		87CA87C0229706A60015DD58 /* LaunchScreen.storyboard in Resources */ = {isa = PBXBuildFile; fileRef = 87CA87BE229706A60015DD58 /* LaunchScreen.storyboard */; };
		87CA87C822970D3B0015DD58 /* MainViewController.swift in Sources */ = {isa = PBXBuildFile; fileRef = 87CA87C722970D3B0015DD58 /* MainViewController.swift */; };
		87CA87CE22973D490015DD58 /* FlickrClient.swift in Sources */ = {isa = PBXBuildFile; fileRef = 87CA87CD22973D490015DD58 /* FlickrClient.swift */; };
		87CA87D1229742A20015DD58 /* APIRequest.swift in Sources */ = {isa = PBXBuildFile; fileRef = 87CA87D0229742A20015DD58 /* APIRequest.swift */; };
		87CA87D32297471B0015DD58 /* APIResponse.swift in Sources */ = {isa = PBXBuildFile; fileRef = 87CA87D22297471B0015DD58 /* APIResponse.swift */; };
		87CA87D5229748100015DD58 /* Photos.swift in Sources */ = {isa = PBXBuildFile; fileRef = 87CA87D4229748100015DD58 /* Photos.swift */; };
		87CA87D7229764980015DD58 /* Utility.swift in Sources */ = {isa = PBXBuildFile; fileRef = 87CA87D6229764980015DD58 /* Utility.swift */; };
/* End PBXBuildFile section */

/* Begin PBXFileReference section */
		872A582C2299C7DA0050F7FD /* Virtual Tourist.xcdatamodel */ = {isa = PBXFileReference; lastKnownFileType = wrapper.xcdatamodel; path = "Virtual Tourist.xcdatamodel"; sourceTree = "<group>"; };
		872A582E2299CF270050F7FD /* DataController.swift */ = {isa = PBXFileReference; lastKnownFileType = sourcecode.swift; path = DataController.swift; sourceTree = "<group>"; };
		872A5831229AFC430050F7FD /* PhotoCell.swift */ = {isa = PBXFileReference; lastKnownFileType = sourcecode.swift; path = PhotoCell.swift; sourceTree = "<group>"; };
		872A5833229B3D5E0050F7FD /* Pin.swift */ = {isa = PBXFileReference; lastKnownFileType = sourcecode.swift; path = Pin.swift; sourceTree = "<group>"; };
		872A5835229B3E040050F7FD /* Image+CoreDataClass.swift */ = {isa = PBXFileReference; lastKnownFileType = sourcecode.swift; path = "Image+CoreDataClass.swift"; sourceTree = "<group>"; };
		872A5836229B3E050050F7FD /* Image+CoreDataProperties.swift */ = {isa = PBXFileReference; lastKnownFileType = sourcecode.swift; path = "Image+CoreDataProperties.swift"; sourceTree = "<group>"; };
		872A5837229B3E050050F7FD /* Pin+CoreDataClass.swift */ = {isa = PBXFileReference; lastKnownFileType = sourcecode.swift; path = "Pin+CoreDataClass.swift"; sourceTree = "<group>"; };
		872A5838229B3E050050F7FD /* Pin+CoreDataProperties.swift */ = {isa = PBXFileReference; lastKnownFileType = sourcecode.swift; path = "Pin+CoreDataProperties.swift"; sourceTree = "<group>"; };
		87CA87B22297069C0015DD58 /* Virtual Tourist.app */ = {isa = PBXFileReference; explicitFileType = wrapper.application; includeInIndex = 0; path = "Virtual Tourist.app"; sourceTree = BUILT_PRODUCTS_DIR; };
		87CA87B52297069C0015DD58 /* AppDelegate.swift */ = {isa = PBXFileReference; lastKnownFileType = sourcecode.swift; path = AppDelegate.swift; sourceTree = "<group>"; };
		87CA87B72297069C0015DD58 /* CollectionViewController.swift */ = {isa = PBXFileReference; lastKnownFileType = sourcecode.swift; path = CollectionViewController.swift; sourceTree = "<group>"; };
		87CA87BA2297069C0015DD58 /* Base */ = {isa = PBXFileReference; lastKnownFileType = file.storyboard; name = Base; path = Base.lproj/Main.storyboard; sourceTree = "<group>"; };
		87CA87BC229706A60015DD58 /* Assets.xcassets */ = {isa = PBXFileReference; lastKnownFileType = folder.assetcatalog; path = Assets.xcassets; sourceTree = "<group>"; };
		87CA87BF229706A60015DD58 /* Base */ = {isa = PBXFileReference; lastKnownFileType = file.storyboard; name = Base; path = Base.lproj/LaunchScreen.storyboard; sourceTree = "<group>"; };
		87CA87C1229706A60015DD58 /* Info.plist */ = {isa = PBXFileReference; lastKnownFileType = text.plist.xml; path = Info.plist; sourceTree = "<group>"; };
		87CA87C722970D3B0015DD58 /* MainViewController.swift */ = {isa = PBXFileReference; lastKnownFileType = sourcecode.swift; path = MainViewController.swift; sourceTree = "<group>"; };
		87CA87CD22973D490015DD58 /* FlickrClient.swift */ = {isa = PBXFileReference; lastKnownFileType = sourcecode.swift; path = FlickrClient.swift; sourceTree = "<group>"; };
		87CA87D0229742A20015DD58 /* APIRequest.swift */ = {isa = PBXFileReference; lastKnownFileType = sourcecode.swift; path = APIRequest.swift; sourceTree = "<group>"; };
		87CA87D22297471B0015DD58 /* APIResponse.swift */ = {isa = PBXFileReference; lastKnownFileType = sourcecode.swift; path = APIResponse.swift; sourceTree = "<group>"; };
		87CA87D4229748100015DD58 /* Photos.swift */ = {isa = PBXFileReference; lastKnownFileType = sourcecode.swift; path = Photos.swift; sourceTree = "<group>"; };
		87CA87D6229764980015DD58 /* Utility.swift */ = {isa = PBXFileReference; lastKnownFileType = sourcecode.swift; path = Utility.swift; sourceTree = "<group>"; };
/* End PBXFileReference section */

/* Begin PBXFrameworksBuildPhase section */
		87CA87AF2297069C0015DD58 /* Frameworks */ = {
			isa = PBXFrameworksBuildPhase;
			buildActionMask = 2147483647;
			files = (
			);
			runOnlyForDeploymentPostprocessing = 0;
		};
/* End PBXFrameworksBuildPhase section */

/* Begin PBXGroup section */
		872A5830229AFC330050F7FD /* View */ = {
			isa = PBXGroup;
			children = (
				872A5831229AFC430050F7FD /* PhotoCell.swift */,
			);
			path = View;
			sourceTree = "<group>";
		};
		87CA87A92297069C0015DD58 = {
			isa = PBXGroup;
			children = (
				87CA87B42297069C0015DD58 /* Virtual Tourist */,
				87CA87B32297069C0015DD58 /* Products */,
			);
			sourceTree = "<group>";
		};
		87CA87B32297069C0015DD58 /* Products */ = {
			isa = PBXGroup;
			children = (
				87CA87B22297069C0015DD58 /* Virtual Tourist.app */,
			);
			name = Products;
			sourceTree = "<group>";
		};
		87CA87B42297069C0015DD58 /* Virtual Tourist */ = {
			isa = PBXGroup;
			children = (
				872A5830229AFC330050F7FD /* View */,
				87CA87CA22970F250015DD58 /* Model */,
				87CA87C922970D560015DD58 /* Controller */,
				87CA87B52297069C0015DD58 /* AppDelegate.swift */,
				87CA87B92297069C0015DD58 /* Main.storyboard */,
				87CA87BC229706A60015DD58 /* Assets.xcassets */,
				87CA87BE229706A60015DD58 /* LaunchScreen.storyboard */,
				87CA87C1229706A60015DD58 /* Info.plist */,
				87CA87D6229764980015DD58 /* Utility.swift */,
			);
			path = "Virtual Tourist";
			sourceTree = "<group>";
		};
		87CA87C922970D560015DD58 /* Controller */ = {
			isa = PBXGroup;
			children = (
				87CA87C722970D3B0015DD58 /* MainViewController.swift */,
				87CA87B72297069C0015DD58 /* CollectionViewController.swift */,
			);
			path = Controller;
			sourceTree = "<group>";
		};
		87CA87CA22970F250015DD58 /* Model */ = {
			isa = PBXGroup;
			children = (
				872A5835229B3E040050F7FD /* Image+CoreDataClass.swift */,
				872A5836229B3E050050F7FD /* Image+CoreDataProperties.swift */,
				872A5837229B3E050050F7FD /* Pin+CoreDataClass.swift */,
				872A5838229B3E050050F7FD /* Pin+CoreDataProperties.swift */,
				872A5833229B3D5E0050F7FD /* Pin.swift */,
				87CA87CD22973D490015DD58 /* FlickrClient.swift */,
				872A582B2299C7DA0050F7FD /* Virtual Tourist.xcdatamodeld */,
				872A582E2299CF270050F7FD /* DataController.swift */,
				87CA87CF2297420D0015DD58 /* Request */,
				87CA87CC22970F950015DD58 /* Response */,
			);
			path = Model;
			sourceTree = "<group>";
		};
		87CA87CC22970F950015DD58 /* Response */ = {
			isa = PBXGroup;
			children = (
				87CA87D22297471B0015DD58 /* APIResponse.swift */,
				87CA87D4229748100015DD58 /* Photos.swift */,
			);
			path = Response;
			sourceTree = "<group>";
		};
		87CA87CF2297420D0015DD58 /* Request */ = {
			isa = PBXGroup;
			children = (
				87CA87D0229742A20015DD58 /* APIRequest.swift */,
			);
			path = Request;
			sourceTree = "<group>";
		};
/* End PBXGroup section */

/* Begin PBXNativeTarget section */
		87CA87B12297069C0015DD58 /* Virtual Tourist */ = {
			isa = PBXNativeTarget;
			buildConfigurationList = 87CA87C4229706A60015DD58 /* Build configuration list for PBXNativeTarget "Virtual Tourist" */;
			buildPhases = (
				87CA87AE2297069C0015DD58 /* Sources */,
				87CA87AF2297069C0015DD58 /* Frameworks */,
				87CA87B02297069C0015DD58 /* Resources */,
			);
			buildRules = (
			);
			dependencies = (
			);
			name = "Virtual Tourist";
			productName = "Virtual Tourist";
			productReference = 87CA87B22297069C0015DD58 /* Virtual Tourist.app */;
			productType = "com.apple.product-type.application";
		};
/* End PBXNativeTarget section */

/* Begin PBXProject section */
		87CA87AA2297069C0015DD58 /* Project object */ = {
			isa = PBXProject;
			attributes = {
				LastSwiftUpdateCheck = 1010;
				LastUpgradeCheck = 1010;
				ORGANIZATIONNAME = Udacity;
				TargetAttributes = {
					87CA87B12297069C0015DD58 = {
						CreatedOnToolsVersion = 10.1;
					};
				};
			};
			buildConfigurationList = 87CA87AD2297069C0015DD58 /* Build configuration list for PBXProject "Virtual Tourist" */;
			compatibilityVersion = "Xcode 9.3";
			developmentRegion = en;
			hasScannedForEncodings = 0;
			knownRegions = (
				en,
				Base,
			);
			mainGroup = 87CA87A92297069C0015DD58;
			productRefGroup = 87CA87B32297069C0015DD58 /* Products */;
			projectDirPath = "";
			projectRoot = "";
			targets = (
				87CA87B12297069C0015DD58 /* Virtual Tourist */,
			);
		};
/* End PBXProject section */

/* Begin PBXResourcesBuildPhase section */
		87CA87B02297069C0015DD58 /* Resources */ = {
			isa = PBXResourcesBuildPhase;
			buildActionMask = 2147483647;
			files = (
				87CA87C0229706A60015DD58 /* LaunchScreen.storyboard in Resources */,
				87CA87BD229706A60015DD58 /* Assets.xcassets in Resources */,
				87CA87BB2297069C0015DD58 /* Main.storyboard in Resources */,
			);
			runOnlyForDeploymentPostprocessing = 0;
		};
/* End PBXResourcesBuildPhase section */

/* Begin PBXSourcesBuildPhase section */
		87CA87AE2297069C0015DD58 /* Sources */ = {
			isa = PBXSourcesBuildPhase;
			buildActionMask = 2147483647;
			files = (
				87CA87CE22973D490015DD58 /* FlickrClient.swift in Sources */,
				872A582D2299C7DA0050F7FD /* Virtual Tourist.xcdatamodeld in Sources */,
				87CA87C822970D3B0015DD58 /* MainViewController.swift in Sources */,
				872A5834229B3D5E0050F7FD /* Pin.swift in Sources */,
				87CA87B82297069C0015DD58 /* CollectionViewController.swift in Sources */,
				87CA87D1229742A20015DD58 /* APIRequest.swift in Sources */,
				872A583B229B3E050050F7FD /* Pin+CoreDataClass.swift in Sources */,
				872A582F2299CF270050F7FD /* DataController.swift in Sources */,
				87CA87D7229764980015DD58 /* Utility.swift in Sources */,
				872A583C229B3E050050F7FD /* Pin+CoreDataProperties.swift in Sources */,
				87CA87B62297069C0015DD58 /* AppDelegate.swift in Sources */,
				87CA87D32297471B0015DD58 /* APIResponse.swift in Sources */,
				872A5832229AFC430050F7FD /* PhotoCell.swift in Sources */,
				872A5839229B3E050050F7FD /* Image+CoreDataClass.swift in Sources */,
				87CA87D5229748100015DD58 /* Photos.swift in Sources */,
				872A583A229B3E050050F7FD /* Image+CoreDataProperties.swift in Sources */,
			);
			runOnlyForDeploymentPostprocessing = 0;
		};
/* End PBXSourcesBuildPhase section */

/* Begin PBXVariantGroup section */
		87CA87B92297069C0015DD58 /* Main.storyboard */ = {
			isa = PBXVariantGroup;
			children = (
				87CA87BA2297069C0015DD58 /* Base */,
			);
			name = Main.storyboard;
			sourceTree = "<group>";
		};
		87CA87BE229706A60015DD58 /* LaunchScreen.storyboard */ = {
			isa = PBXVariantGroup;
			children = (
				87CA87BF229706A60015DD58 /* Base */,
			);
			name = LaunchScreen.storyboard;
			sourceTree = "<group>";
		};
/* End PBXVariantGroup section */

/* Begin XCBuildConfiguration section */
		87CA87C2229706A60015DD58 /* Debug */ = {
			isa = XCBuildConfiguration;
			buildSettings = {
				ALWAYS_SEARCH_USER_PATHS = NO;
				CLANG_ANALYZER_NONNULL = YES;
				CLANG_ANALYZER_NUMBER_OBJECT_CONVERSION = YES_AGGRESSIVE;
				CLANG_CXX_LANGUAGE_STANDARD = "gnu++14";
				CLANG_CXX_LIBRARY = "libc++";
				CLANG_ENABLE_MODULES = YES;
				CLANG_ENABLE_OBJC_ARC = YES;
				CLANG_ENABLE_OBJC_WEAK = YES;
				CLANG_WARN_BLOCK_CAPTURE_AUTORELEASING = YES;
				CLANG_WARN_BOOL_CONVERSION = YES;
				CLANG_WARN_COMMA = YES;
				CLANG_WARN_CONSTANT_CONVERSION = YES;
				CLANG_WARN_DEPRECATED_OBJC_IMPLEMENTATIONS = YES;
				CLANG_WARN_DIRECT_OBJC_ISA_USAGE = YES_ERROR;
				CLANG_WARN_DOCUMENTATION_COMMENTS = YES;
				CLANG_WARN_EMPTY_BODY = YES;
				CLANG_WARN_ENUM_CONVERSION = YES;
				CLANG_WARN_INFINITE_RECURSION = YES;
				CLANG_WARN_INT_CONVERSION = YES;
				CLANG_WARN_NON_LITERAL_NULL_CONVERSION = YES;
				CLANG_WARN_OBJC_IMPLICIT_RETAIN_SELF = YES;
				CLANG_WARN_OBJC_LITERAL_CONVERSION = YES;
				CLANG_WARN_OBJC_ROOT_CLASS = YES_ERROR;
				CLANG_WARN_RANGE_LOOP_ANALYSIS = YES;
				CLANG_WARN_STRICT_PROTOTYPES = YES;
				CLANG_WARN_SUSPICIOUS_MOVE = YES;
				CLANG_WARN_UNGUARDED_AVAILABILITY = YES_AGGRESSIVE;
				CLANG_WARN_UNREACHABLE_CODE = YES;
				CLANG_WARN__DUPLICATE_METHOD_MATCH = YES;
				CODE_SIGN_IDENTITY = "iPhone Developer";
				COPY_PHASE_STRIP = NO;
				DEBUG_INFORMATION_FORMAT = dwarf;
				ENABLE_STRICT_OBJC_MSGSEND = YES;
				ENABLE_TESTABILITY = YES;
				GCC_C_LANGUAGE_STANDARD = gnu11;
				GCC_DYNAMIC_NO_PIC = NO;
				GCC_NO_COMMON_BLOCKS = YES;
				GCC_OPTIMIZATION_LEVEL = 0;
				GCC_PREPROCESSOR_DEFINITIONS = (
					"DEBUG=1",
					"$(inherited)",
				);
				GCC_WARN_64_TO_32_BIT_CONVERSION = YES;
				GCC_WARN_ABOUT_RETURN_TYPE = YES_ERROR;
				GCC_WARN_UNDECLARED_SELECTOR = YES;
				GCC_WARN_UNINITIALIZED_AUTOS = YES_AGGRESSIVE;
				GCC_WARN_UNUSED_FUNCTION = YES;
				GCC_WARN_UNUSED_VARIABLE = YES;
				IPHONEOS_DEPLOYMENT_TARGET = 12.1;
				MTL_ENABLE_DEBUG_INFO = INCLUDE_SOURCE;
				MTL_FAST_MATH = YES;
				ONLY_ACTIVE_ARCH = YES;
				SDKROOT = iphoneos;
				SWIFT_ACTIVE_COMPILATION_CONDITIONS = DEBUG;
				SWIFT_OPTIMIZATION_LEVEL = "-Onone";
			};
			name = Debug;
		};
		87CA87C3229706A60015DD58 /* Release */ = {
			isa = XCBuildConfiguration;
			buildSettings = {
				ALWAYS_SEARCH_USER_PATHS = NO;
				CLANG_ANALYZER_NONNULL = YES;
				CLANG_ANALYZER_NUMBER_OBJECT_CONVERSION = YES_AGGRESSIVE;
				CLANG_CXX_LANGUAGE_STANDARD = "gnu++14";
				CLANG_CXX_LIBRARY = "libc++";
				CLANG_ENABLE_MODULES = YES;
				CLANG_ENABLE_OBJC_ARC = YES;
				CLANG_ENABLE_OBJC_WEAK = YES;
				CLANG_WARN_BLOCK_CAPTURE_AUTORELEASING = YES;
				CLANG_WARN_BOOL_CONVERSION = YES;
				CLANG_WARN_COMMA = YES;
				CLANG_WARN_CONSTANT_CONVERSION = YES;
				CLANG_WARN_DEPRECATED_OBJC_IMPLEMENTATIONS = YES;
				CLANG_WARN_DIRECT_OBJC_ISA_USAGE = YES_ERROR;
				CLANG_WARN_DOCUMENTATION_COMMENTS = YES;
				CLANG_WARN_EMPTY_BODY = YES;
				CLANG_WARN_ENUM_CONVERSION = YES;
				CLANG_WARN_INFINITE_RECURSION = YES;
				CLANG_WARN_INT_CONVERSION = YES;
				CLANG_WARN_NON_LITERAL_NULL_CONVERSION = YES;
				CLANG_WARN_OBJC_IMPLICIT_RETAIN_SELF = YES;
				CLANG_WARN_OBJC_LITERAL_CONVERSION = YES;
				CLANG_WARN_OBJC_ROOT_CLASS = YES_ERROR;
				CLANG_WARN_RANGE_LOOP_ANALYSIS = YES;
				CLANG_WARN_STRICT_PROTOTYPES = YES;
				CLANG_WARN_SUSPICIOUS_MOVE = YES;
				CLANG_WARN_UNGUARDED_AVAILABILITY = YES_AGGRESSIVE;
				CLANG_WARN_UNREACHABLE_CODE = YES;
				CLANG_WARN__DUPLICATE_METHOD_MATCH = YES;
				CODE_SIGN_IDENTITY = "iPhone Developer";
				COPY_PHASE_STRIP = NO;
				DEBUG_INFORMATION_FORMAT = "dwarf-with-dsym";
				ENABLE_NS_ASSERTIONS = NO;
				ENABLE_STRICT_OBJC_MSGSEND = YES;
				GCC_C_LANGUAGE_STANDARD = gnu11;
				GCC_NO_COMMON_BLOCKS = YES;
				GCC_WARN_64_TO_32_BIT_CONVERSION = YES;
				GCC_WARN_ABOUT_RETURN_TYPE = YES_ERROR;
				GCC_WARN_UNDECLARED_SELECTOR = YES;
				GCC_WARN_UNINITIALIZED_AUTOS = YES_AGGRESSIVE;
				GCC_WARN_UNUSED_FUNCTION = YES;
				GCC_WARN_UNUSED_VARIABLE = YES;
				IPHONEOS_DEPLOYMENT_TARGET = 12.1;
				MTL_ENABLE_DEBUG_INFO = NO;
				MTL_FAST_MATH = YES;
				SDKROOT = iphoneos;
				SWIFT_COMPILATION_MODE = wholemodule;
				SWIFT_OPTIMIZATION_LEVEL = "-O";
				VALIDATE_PRODUCT = YES;
			};
			name = Release;
		};
		87CA87C5229706A60015DD58 /* Debug */ = {
			isa = XCBuildConfiguration;
			buildSettings = {
				ASSETCATALOG_COMPILER_APPICON_NAME = AppIcon;
				CODE_SIGN_STYLE = Automatic;
				DEVELOPMENT_TEAM = 6FURN6X4DJ;
				INFOPLIST_FILE = "Virtual Tourist/Info.plist";
				LD_RUNPATH_SEARCH_PATHS = (
					"$(inherited)",
					"@executable_path/Frameworks",
				);
				PRODUCT_BUNDLE_IDENTIFIER = "com.Udacity.Virtual-Tourist";
				PRODUCT_NAME = "$(TARGET_NAME)";
				SWIFT_VERSION = 4.2;
				TARGETED_DEVICE_FAMILY = "1,2";
			};
			name = Debug;
		};
		87CA87C6229706A60015DD58 /* Release */ = {
			isa = XCBuildConfiguration;
			buildSettings = {
				ASSETCATALOG_COMPILER_APPICON_NAME = AppIcon;
				CODE_SIGN_STYLE = Automatic;
				DEVELOPMENT_TEAM = 6FURN6X4DJ;
				INFOPLIST_FILE = "Virtual Tourist/Info.plist";
				LD_RUNPATH_SEARCH_PATHS = (
					"$(inherited)",
					"@executable_path/Frameworks",
				);
				PRODUCT_BUNDLE_IDENTIFIER = "com.Udacity.Virtual-Tourist";
				PRODUCT_NAME = "$(TARGET_NAME)";
				SWIFT_VERSION = 4.2;
				TARGETED_DEVICE_FAMILY = "1,2";
			};
			name = Release;
		};
/* End XCBuildConfiguration section */

/* Begin XCConfigurationList section */
		87CA87AD2297069C0015DD58 /* Build configuration list for PBXProject "Virtual Tourist" */ = {
			isa = XCConfigurationList;
			buildConfigurations = (
				87CA87C2229706A60015DD58 /* Debug */,
				87CA87C3229706A60015DD58 /* Release */,
			);
			defaultConfigurationIsVisible = 0;
			defaultConfigurationName = Release;
		};
		87CA87C4229706A60015DD58 /* Build configuration list for PBXNativeTarget "Virtual Tourist" */ = {
			isa = XCConfigurationList;
			buildConfigurations = (
				87CA87C5229706A60015DD58 /* Debug */,
				87CA87C6229706A60015DD58 /* Release */,
			);
			defaultConfigurationIsVisible = 0;
			defaultConfigurationName = Release;
		};
/* End XCConfigurationList section */

/* Begin XCVersionGroup section */
		872A582B2299C7DA0050F7FD /* Virtual Tourist.xcdatamodeld */ = {
			isa = XCVersionGroup;
			children = (
				872A582C2299C7DA0050F7FD /* Virtual Tourist.xcdatamodel */,
			);
			currentVersion = 872A582C2299C7DA0050F7FD /* Virtual Tourist.xcdatamodel */;
			path = "Virtual Tourist.xcdatamodeld";
			sourceTree = "<group>";
			versionGroupType = wrapper.xcdatamodel;
		};
/* End XCVersionGroup section */
	};
	rootObject = 87CA87AA2297069C0015DD58 /* Project object */;
}
